
Microsoft Visual Studio Solution File, Format Version 12.00
# Visual Studio 15
Project("{FAE04EC0-301F-11D3-BF4B-00C04F79EFBC}") = "SmartSignature", "SmartSignature\SmartSignature.csproj", "{B5A914EC-FD16-4525-B281-C2B3EB30DA6D}"
EndProject
Global
	GlobalSection(SolutionConfigurationPlatforms) = preSolution
		Debug|Any CPU = Debug|Any CPU
		Release|Any CPU = Release|Any CPU
	EndGlobalSection
	GlobalSection(ProjectConfigurationPlatforms) = postSolution
		{B5A914EC-FD16-4525-B281-C2B3EB30DA6D}.Debug|Any CPU.ActiveCfg = Debug|Any CPU
		{B5A914EC-FD16-4525-B281-C2B3EB30DA6D}.Debug|Any CPU.Build.0 = Debug|Any CPU
		{B5A914EC-FD16-4525-B281-C2B3EB30DA6D}.Release|Any CPU.ActiveCfg = Release|Any CPU
		{B5A914EC-FD16-4525-B281-C2B3EB30DA6D}.Release|Any CPU.Build.0 = Release|Any CPU
	EndGlobalSection
EndGlobal
